{
  "name": "SparkL",
  "lockfileVersion": 3,
  "requires": true,
  "packages": {
    "": {
      "dependencies": {
        "@radix-ui/react-slot": "^1.3.0",
        "@supabase/ssr": "^0.12.0",
        "@supabase/supabase-js": "^2.110.0",
        "class-variance-authority": "^0.7.1",
        "clsx": "^2.1.1",
        "lucide-react": "^1.21.0",
        "tailwind-merge": "^3.6.0"
      }
    },
    "node_modules/@radix-ui/react-compose-refs": {
      "version": "1.1.3",
      "resolved": "https://registry.npmjs.org/@radix-ui/react-compose-refs/-/react-compose-refs-1.1.3.tgz",
      "integrity": "sha512-rYOP8OMnuuPMQF1uhPVlGNcCDlkokKqGFE3JcxFViIkAXP7EvFWUliJAstrapypaBLJNHbZL6jGhbVDGTwmVhA==",
      "license": "MIT",
      "peerDependencies": {
        "@types/react": "*",
        "react": "^16.8 || ^17.0 || ^18.0 || ^19.0 || ^19.0.0-rc"
      },
      "peerDependenciesMeta": {
        "@types/react": {
          "optional": true
        }
      }
    },
    "node_modules/@radix-ui/react-slot": {
      "version": "1.3.0",
      "resolved": "https://registry.npmjs.org/@radix-ui/react-slot/-/react-slot-1.3.0.tgz",
      "integrity": "sha512-MojKku4U/miO8Av4Dkb+ctMAQx7JmY96LmtDQlAarCRtd7rN52QCSzBF+XAvr5S6coSVj9HEPBgHAHKEJVk/WA==",
      "license": "MIT",
      "dependencies": {
        "@radix-ui/react-compose-refs": "1.1.3"
      },
      "peerDependencies": {
        "@types/react": "*",
        "react": "^16.8 || ^17.0 || ^18.0 || ^19.0 || ^19.0.0-rc"
      },
      "peerDependenciesMeta": {
        "@types/react": {
          "optional": true
        }
      }
    },
    "node_modules/@supabase/auth-js": {
      "version": "2.110.0",
      "resolved": "https://registry.npmjs.org/@supabase/auth-js/-/auth-js-2.110.0.tgz",
      "integrity": "sha512-Mi288WCTp6wxMFCOu/UgzgHEXODjdl2uVTLqK11eanzGZaldU3RyP8Am+ZbNuVzFP+5+iOvppxzv7N5Ym84xTg==",
      "license": "MIT",
      "dependencies": {
        "tslib": "2.8.1"
      },
      "engines": {
        "node": ">=22.0.0"
      }
    },
    "node_modules/@supabase/functions-js": {
      "version": "2.110.0",
      "resolved": "https://registry.npmjs.org/@supabase/functions-js/-/functions-js-2.110.0.tgz",
      "integrity": "sha512-Fde5wlY8ZZy+9yqrWlQHo8MacSyUBArBEtN2boB4thJQigPnQD/cc61qZN0n3I1L0gwhWtHYwIMnOBKxSvF6Hw==",
      "license": "MIT",
      "dependencies": {
        "tslib": "2.8.1"
      },
      "engines": {
        "node": ">=22.0.0"
      }
    },
    "node_modules/@supabase/phoenix": {
      "version": "0.4.4",
      "resolved": "https://registry.npmjs.org/@supabase/phoenix/-/phoenix-0.4.4.tgz",
      "integrity": "sha512-Gt0pqoXuIqX/8dvG0OKp/wMCobXNH3klNbUPBNyOfN0YA1IswrM3HyWFMOPk1Jy+BRaIyDPcFx4jLBwHNmlyfQ==",
      "license": "MIT"
    },
    "node_modules/@supabase/postgrest-js": {
      "version": "2.110.0",
      "resolved": "https://registry.npmjs.org/@supabase/postgrest-js/-/postgrest-js-2.110.0.tgz",
      "integrity": "sha512-ZbC1QZL3jcvBUfVKjJbgRM27G4Mg3Zzqdm44m5pJafe1e52Cli793EOnwQucomBAGEUDd03Nzaf7XV3ji/XexQ==",
      "license": "MIT",
      "dependencies": {
        "tslib": "2.8.1"
      },
      "engines": {
        "node": ">=22.0.0"
      }
    },
    "node_modules/@supabase/realtime-js": {
      "version": "2.110.0",
      "resolved": "https://registry.npmjs.org/@supabase/realtime-js/-/realtime-js-2.110.0.tgz",
      "integrity": "sha512-Wn2AWpneZuDFTkp/65tqctvoh+3JvyTjMam8sTMqVWy5BgkU8zAvFwilPYPPPhkINeKF8NAJKP7FclJ2iGCUMw==",
      "license": "MIT",
      "dependencies": {
        "@supabase/phoenix": "0.4.4",
        "tslib": "2.8.1"
      },
      "engines": {
        "node": ">=22.0.0"
      }
    },
    "node_modules/@supabase/ssr": {
      "version": "0.12.0",
      "resolved": "https://registry.npmjs.org/@supabase/ssr/-/ssr-0.12.0.tgz",
      "integrity": "sha512-d9XV5XzJvzzZbeAIM7fWTCUYxQJZ2Ru6ny3dJHmHGp/LIrJ+o9FpD7N9Rf/UhhWEvHXSoDe8SI32Z2ouOdMjBg==",
      "license": "MIT",
      "dependencies": {
        "cookie": "^1.0.2"
      },
      "peerDependencies": {
        "@supabase/supabase-js": "^2.108.0"
      }
    },
    "node_modules/@supabase/storage-js": {
      "version": "2.110.0",
      "resolved": "https://registry.npmjs.org/@supabase/storage-js/-/storage-js-2.110.0.tgz",
      "integrity": "sha512-71+gU3HrhiylAhftY6FmO5PPdcsScnVcS766CVD+vTYK9qTDLbrx8FhgBYbqGm3iV/wkTfzrNJfjGsMeFRkJRQ==",
      "license": "MIT",
      "dependencies": {
        "iceberg-js": "^0.8.1",
        "tslib": "2.8.1"
      },
      "engines": {
        "node": ">=22.0.0"
      }
    },
    "node_modules/@supabase/supabase-js": {
      "version": "2.110.0",
      "resolved": "https://registry.npmjs.org/@supabase/supabase-js/-/supabase-js-2.110.0.tgz",
      "integrity": "sha512-8yI84VJiEVW4zxZpLUmxXmjzQ7O2St9X/ymzlBETDHTURPWG3LmvbSiibq+7dqAJmyoUfxZnSfXeM4HCM8s4XQ==",
      "license": "MIT",
      "dependencies": {
        "@supabase/auth-js": "2.110.0",
        "@supabase/functions-js": "2.110.0",
        "@supabase/postgrest-js": "2.110.0",
        "@supabase/realtime-js": "2.110.0",
        "@supabase/storage-js": "2.110.0"
      },
      "engines": {
        "node": ">=22.0.0"
      }
    },
    "node_modules/class-variance-authority": {
      "version": "0.7.1",
      "resolved": "https://registry.npmjs.org/class-variance-authority/-/class-variance-authority-0.7.1.tgz",
      "integrity": "sha512-Ka+9Trutv7G8M6WT6SeiRWz792K5qEqIGEGzXKhAE6xOWAY6pPH8U+9IY3oCMv6kqTmLsv7Xh/2w2RigkePMsg==",
      "license": "Apache-2.0",
      "dependencies": {
        "clsx": "^2.1.1"
      },
      "funding": {
        "url": "https://polar.sh/cva"
      }
    },
    "node_modules/clsx": {
      "version": "2.1.1",
      "resolved": "https://registry.npmjs.org/clsx/-/clsx-2.1.1.tgz",
      "integrity": "sha512-eYm0QWBtUrBWZWG0d386OGAw16Z995PiOVo2B7bjWSbHedGl5e0ZWaq65kOGgUSNesEIDkB9ISbTg/JK9dhCZA==",
      "license": "MIT",
      "engines": {
        "node": ">=6"
      }
    },
    "node_modules/cookie": {
      "version": "1.1.1",
      "resolved": "https://registry.npmjs.org/cookie/-/cookie-1.1.1.tgz",
      "integrity": "sha512-ei8Aos7ja0weRpFzJnEA9UHJ/7XQmqglbRwnf2ATjcB9Wq874VKH9kfjjirM6UhU2/E5fFYadylyhFldcqSidQ==",
      "license": "MIT",
      "engines": {
        "node": ">=18"
      },
      "funding": {
        "type": "opencollective",
        "url": "https://opencollective.com/express"
      }
    },
    "node_modules/iceberg-js": {
      "version": "0.8.1",
      "resolved": "https://registry.npmjs.org/iceberg-js/-/iceberg-js-0.8.1.tgz",
      "integrity": "sha512-1dhVQZXhcHje7798IVM+xoo/1ZdVfzOMIc8/rgVSijRK38EDqOJoGula9N/8ZI5RD8QTxNQtK/Gozpr+qUqRRA==",
      "license": "MIT",
      "engines": {
        "node": ">=20.0.0"
      }
    },
    "node_modules/lucide-react": {
      "version": "1.21.0",
      "resolved": "https://registry.npmjs.org/lucide-react/-/lucide-react-1.21.0.tgz",
      "integrity": "sha512-reEZMXq8Qdd5jg5XYkQ5TR1fB/GiQ7ih4vcrthYDtgjSDwh0i6/YLiGjsWsIwgN49gpAnd4J2elSNzncMEEUUQ==",
      "license": "ISC",
      "peerDependencies": {
        "react": "^16.5.1 || ^17.0.0 || ^18.0.0 || ^19.0.0"
      }
    },
    "node_modules/react": {
      "version": "19.2.7",
      "license": "MIT",
      "peer": true,
      "engines": {
        "node": ">=0.10.0"
      }
    },
    "node_modules/tailwind-merge": {
      "version": "3.6.0",
      "resolved": "https://registry.npmjs.org/tailwind-merge/-/tailwind-merge-3.6.0.tgz",
      "integrity": "sha512-uxL7qAVQriqRQPAyK3pj66VqskWqoZ37PW94jwOTwNfq/z9oyu1V+eqrZqtR2+fCiXdYOZe/Modt8GtvqNzu+w==",
      "license": "MIT",
      "funding": {
        "type": "github",
        "url": "https://github.com/sponsors/dcastil"
      }
    },
    "node_modules/tslib": {
      "version": "2.8.1",
      "resolved": "https://registry.npmjs.org/tslib/-/tslib-2.8.1.tgz",
      "integrity": "sha512-oJFu94HQb+KVduSUQL7wnpmqnfmLsOA/nAh6b6EH0wCEoK0/mPeXU6c3wKDV83MkOuHPRHtSXKKU99IBazS/2w==",
      "license": "0BSD"
    }
  }
}
